
Microsoft Visual Studio Solution File, Format Version 12.00
# Visual Studio Version 17
VisualStudioVersion = 17.13.35919.96 d17.13
MinimumVisualStudioVersion = 10.0.40219.1
Project("{FAE04EC0-301F-11D3-BF4B-00C04F79EFBC}") = "Obtener_Habilidades", "Obtener_Habilidades\Obtener_Habilidades.csproj", "{2ACAC8AA-5B0A-40A0-9A1B-B45E9A2DE39C}"
EndProject
Global
	GlobalSection(SolutionConfigurationPlatforms) = preSolution
		Debug|Any CPU = Debug|Any CPU
		Release|Any CPU = Release|Any CPU
	EndGlobalSection
	GlobalSection(ProjectConfigurationPlatforms) = postSolution
		{2ACAC8AA-5B0A-40A0-9A1B-B45E9A2DE39C}.Debug|Any CPU.ActiveCfg = Debug|Any CPU
		{2ACAC8AA-5B0A-40A0-9A1B-B45E9A2DE39C}.Debug|Any CPU.Build.0 = Debug|Any CPU
		{2ACAC8AA-5B0A-40A0-9A1B-B45E9A2DE39C}.Release|Any CPU.ActiveCfg = Release|Any CPU
		{2ACAC8AA-5B0A-40A0-9A1B-B45E9A2DE39C}.Release|Any CPU.Build.0 = Release|Any CPU
	EndGlobalSection
	GlobalSection(SolutionProperties) = preSolution
		HideSolutionNode = FALSE
	EndGlobalSection
	GlobalSection(ExtensibilityGlobals) = postSolution
		SolutionGuid = {6E1C2A0F-CC52-47E7-9F82-43C2EC340A82}
	EndGlobalSection
EndGlobal
