
Microsoft Visual Studio Solution File, Format Version 12.00
# Visual Studio Version 17
VisualStudioVersion = 17.13.35919.96 d17.13
MinimumVisualStudioVersion = 10.0.40219.1
Project("{FAE04EC0-301F-11D3-BF4B-00C04F79EFBC}") = "Inventario_de_Objetos", "Inventario_de_Objetos\Inventario_de_Objetos.csproj", "{66AC62F0-FFF5-4C11-9624-5B66F1571942}"
EndProject
Global
	GlobalSection(SolutionConfigurationPlatforms) = preSolution
		Debug|Any CPU = Debug|Any CPU
		Release|Any CPU = Release|Any CPU
	EndGlobalSection
	GlobalSection(ProjectConfigurationPlatforms) = postSolution
		{66AC62F0-FFF5-4C11-9624-5B66F1571942}.Debug|Any CPU.ActiveCfg = Debug|Any CPU
		{66AC62F0-FFF5-4C11-9624-5B66F1571942}.Debug|Any CPU.Build.0 = Debug|Any CPU
		{66AC62F0-FFF5-4C11-9624-5B66F1571942}.Release|Any CPU.ActiveCfg = Release|Any CPU
		{66AC62F0-FFF5-4C11-9624-5B66F1571942}.Release|Any CPU.Build.0 = Release|Any CPU
	EndGlobalSection
	GlobalSection(SolutionProperties) = preSolution
		HideSolutionNode = FALSE
	EndGlobalSection
	GlobalSection(ExtensibilityGlobals) = postSolution
		SolutionGuid = {ABF3BD32-6B05-450A-A0A9-D5A50311DD2C}
	EndGlobalSection
EndGlobal
